version = 1
revision = 3
requires-python = "==3.13.*"

[[package]]
name = "colorama"
version = "0.4.6"
source = { registry = "https://pypi.org/simple" }
sdist = { url = "https://files.pythonhosted.org/packages/d8/53/6f443c9a4a8358a93a6792e2acffb9d9d5cb0a5cfd8802644b7b1c9a02e4/colorama-0.4.6.tar.gz", hash = "sha256:08695f5cb7ed6e0531a20572697297273c47b8cae5a63ffc6d6ed5c201be6e44", size = 27697, upload-time = "2022-10-25T02:36:22.414Z" }
wheels = [
    { url = "https://files.pythonhosted.org/packages/d1/d6/3965ed04c63042e047cb6a3e6ed1a63a35087b6a609aa3a15ed8ac56c221/colorama-0.4.6-py2.py3-none-any.whl", hash = "sha256:4f1d9991f5acc0ca119f9d443620b77f9d6b33703e51011c16baf57afb285fc6", size = 25335, upload-time = "2022-10-25T02:36:20.889Z" },
]

[[package]]
name = "greenlet"
version = "3.3.1"
source = { registry = "https://pypi.org/simple" }
sdist = { url = "https://files.pythonhosted.org/packages/8a/99/1cd3411c56a410994669062bd73dd58270c00cc074cac15f385a1fd91f8a/greenlet-3.3.1.tar.gz", hash = "sha256:41848f3230b58c08bb43dee542e74a2a2e34d3c59dc3076cec9151aeeedcae98", size = 184690, upload-time = "2026-01-23T15:31:02.076Z" }
wheels = [
    { url = "https://files.pythonhosted.org/packages/ec/ab/d26750f2b7242c2b90ea2ad71de70cfcd73a948a49513188a0fc0d6fc15a/greenlet-3.3.1-cp313-cp313-macosx_11_0_universal2.whl", hash = "sha256:7ab327905cabb0622adca5971e488064e35115430cec2c35a50fd36e72a315b3", size = 275205, upload-time = "2026-01-23T15:30:24.556Z" },
    { url = "https://files.pythonhosted.org/packages/10/d3/be7d19e8fad7c5a78eeefb2d896a08cd4643e1e90c605c4be3b46264998f/greenlet-3.3.1-cp313-cp313-manylinux_2_24_aarch64.manylinux_2_28_aarch64.whl", hash = "sha256:65be2f026ca6a176f88fb935ee23c18333ccea97048076aef4db1ef5bc0713ac", size = 599284, upload-time = "2026-01-23T16:00:58.584Z" },
    { url = "https://files.pythonhosted.org/packages/ae/21/fe703aaa056fdb0f17e5afd4b5c80195bbdab701208918938bd15b00d39b/greenlet-3.3.1-cp313-cp313-manylinux_2_24_ppc64le.manylinux_2_28_ppc64le.whl", hash = "sha256:7a3ae05b3d225b4155bda56b072ceb09d05e974bc74be6c3fc15463cf69f33fd", size = 610274, upload-time = "2026-01-23T16:05:29.312Z" },
    { url = "https://files.pythonhosted.org/packages/06/00/95df0b6a935103c0452dad2203f5be8377e551b8466a29650c4c5a5af6cc/greenlet-3.3.1-cp313-cp313-manylinux_2_24_s390x.manylinux_2_28_s390x.whl", hash = "sha256:12184c61e5d64268a160226fb4818af4df02cfead8379d7f8b99a56c3a54ff3e", size = 624375, upload-time = "2026-01-23T16:15:55.915Z" },
    { url = "https://files.pythonhosted.org/packages/cb/86/5c6ab23bb3c28c21ed6bebad006515cfe08b04613eb105ca0041fecca852/greenlet-3.3.1-cp313-cp313-manylinux_2_24_x86_64.manylinux_2_28_x86_64.whl", hash = "sha256:6423481193bbbe871313de5fd06a082f2649e7ce6e08015d2a76c1e9186ca5b3", size = 612904, upload-time = "2026-01-23T15:32:52.317Z" },
    { url = "https://files.pythonhosted.org/packages/c2/f3/7949994264e22639e40718c2daf6f6df5169bf48fb038c008a489ec53a50/greenlet-3.3.1-cp313-cp313-musllinux_1_2_aarch64.whl", hash = "sha256:33a956fe78bbbda82bfc95e128d61129b32d66bcf0a20a1f0c08aa4839ffa951", size = 1567316, upload-time = "2026-01-23T16:04:23.316Z" },
    { url = "https://files.pythonhosted.org/packages/8d/6e/d73c94d13b6465e9f7cd6231c68abde838bb22408596c05d9059830b7872/greenlet-3.3.1-cp313-cp313-musllinux_1_2_x86_64.whl", hash = "sha256:4b065d3284be43728dd280f6f9a13990b56470b81be20375a207cdc814a983f2", size = 1636549, upload-time = "2026-01-23T15:33:48.643Z" },
    { url = "https://files.pythonhosted.org/packages/5e/b3/c9c23a6478b3bcc91f979ce4ca50879e4d0b2bd7b9a53d8ecded719b92e2/greenlet-3.3.1-cp313-cp313-win_amd64.whl", hash = "sha256:27289986f4e5b0edec7b5a91063c109f0276abb09a7e9bdab08437525977c946", size = 227042, upload-time = "2026-01-23T15:33:58.216Z" },
    { url = "https://files.pythonhosted.org/packages/90/e7/824beda656097edee36ab15809fd063447b200cc03a7f6a24c34d520bc88/greenlet-3.3.1-cp313-cp313-win_arm64.whl", hash = "sha256:2f080e028001c5273e0b42690eaf359aeef9cb1389da0f171ea51a5dc3c7608d", size = 226294, upload-time = "2026-01-23T15:30:52.73Z" },
]

[[package]]
name = "iniconfig"
version = "2.3.0"
source = { registry = "https://pypi.org/simple" }
sdist = { url = "https://files.pythonhosted.org/packages/72/34/14ca021ce8e5dfedc35312d08ba8bf51fdd999c576889fc2c24cb97f4f10/iniconfig-2.3.0.tar.gz", hash = "sha256:c76315c77db068650d49c5b56314774a7804df16fee4402c1f19d6d15d8c4730", size = 20503, upload-time = "2025-10-18T21:55:43.219Z" }
wheels = [
    { url = "https://files.pythonhosted.org/packages/cb/b1/3846dd7f199d53cb17f49cba7e651e9ce294d8497c8c150530ed11865bb8/iniconfig-2.3.0-py3-none-any.whl", hash = "sha256:f631c04d2c48c52b84d0d0549c99ff3859c98df65b3101406327ecc7d53fbf12", size = 7484, upload-time = "2025-10-18T21:55:41.639Z" },
]

[[package]]
name = "packaging"
version = "26.0"
source = { registry = "https://pypi.org/simple" }
sdist = { url = "https://files.pythonhosted.org/packages/65/ee/299d360cdc32edc7d2cf530f3accf79c4fca01e96ffc950d8a52213bd8e4/packaging-26.0.tar.gz", hash = "sha256:00243ae351a257117b6a241061796684b084ed1c516a08c48a3f7e147a9d80b4", size = 143416, upload-time = "2026-01-21T20:50:39.064Z" }
wheels = [
    { url = "https://files.pythonhosted.org/packages/b7/b9/c538f279a4e237a006a2c98387d081e9eb060d203d8ed34467cc0f0b9b53/packaging-26.0-py3-none-any.whl", hash = "sha256:b36f1fef9334a5588b4166f8bcd26a14e521f2b55e6b9de3aaa80d3ff7a37529", size = 74366, upload-time = "2026-01-21T20:50:37.788Z" },
]

[[package]]
name = "pluggy"
version = "1.6.0"
source = { registry = "https://pypi.org/simple" }
sdist = { url = "https://files.pythonhosted.org/packages/f9/e2/3e91f31a7d2b083fe6ef3fa267035b518369d9511ffab804f839851d2779/pluggy-1.6.0.tar.gz", hash = "sha256:7dcc130b76258d33b90f61b658791dede3486c3e6bfb003ee5c9bfb396dd22f3", size = 69412, upload-time = "2025-05-15T12:30:07.975Z" }
wheels = [
    { url = "https://files.pythonhosted.org/packages/54/20/4d324d65cc6d9205fabedc306948156824eb9f0ee1633355a8f7ec5c66bf/pluggy-1.6.0-py3-none-any.whl", hash = "sha256:e920276dd6813095e9377c0bc5566d94c932c33b27a3e3945d8389c374dd4746", size = 20538, upload-time = "2025-05-15T12:30:06.134Z" },
]

[[package]]
name = "pygments"
version = "2.19.2"
source = { registry = "https://pypi.org/simple" }
sdist = { url = "https://files.pythonhosted.org/packages/b0/77/a5b8c569bf593b0140bde72ea885a803b82086995367bf2037de0159d924/pygments-2.19.2.tar.gz", hash = "sha256:636cb2477cec7f8952536970bc533bc43743542f70392ae026374600add5b887", size = 4968631, upload-time = "2025-06-21T13:39:12.283Z" }
wheels = [
    { url = "https://files.pythonhosted.org/packages/c7/21/705964c7812476f378728bdf590ca4b771ec72385c533964653c68e86bdc/pygments-2.19.2-py3-none-any.whl", hash = "sha256:86540386c03d588bb81d44bc3928634ff26449851e99741617ecb9037ee5ec0b", size = 1225217, upload-time = "2025-06-21T13:39:07.939Z" },
]

[[package]]
name = "pytest"
version = "8.4.2"
source = { registry = "https://pypi.org/simple" }
dependencies = [
    { name = "colorama", marker = "sys_platform == 'win32'" },
    { name = "iniconfig" },
    { name = "packaging" },
    { name = "pluggy" },
    { name = "pygments" },
]
sdist = { url = "https://files.pythonhosted.org/packages/a3/5c/00a0e072241553e1a7496d638deababa67c5058571567b92a7eaa258397c/pytest-8.4.2.tar.gz", hash = "sha256:86c0d0b93306b961d58d62a4db4879f27fe25513d4b969df351abdddb3c30e01", size = 1519618, upload-time = "2025-09-04T14:34:22.711Z" }
wheels = [
    { url = "https://files.pythonhosted.org/packages/a8/a4/20da314d277121d6534b3a980b29035dcd51e6744bd79075a6ce8fa4eb8d/pytest-8.4.2-py3-none-any.whl", hash = "sha256:872f880de3fc3a5bdc88a11b39c9710c3497a547cfa9320bc3c5e62fbf272e79", size = 365750, upload-time = "2025-09-04T14:34:20.226Z" },
]

[[package]]
name = "ruff"
version = "0.13.3"
source = { registry = "https://pypi.org/simple" }
sdist = { url = "https://files.pythonhosted.org/packages/c7/8e/f9f9ca747fea8e3ac954e3690d4698c9737c23b51731d02df999c150b1c9/ruff-0.13.3.tar.gz", hash = "sha256:5b0ba0db740eefdfbcce4299f49e9eaefc643d4d007749d77d047c2bab19908e", size = 5438533, upload-time = "2025-10-02T19:29:31.582Z" }
wheels = [
    { url = "https://files.pythonhosted.org/packages/d2/33/8f7163553481466a92656d35dea9331095122bb84cf98210bef597dd2ecd/ruff-0.13.3-py3-none-linux_armv6l.whl", hash = "sha256:311860a4c5e19189c89d035638f500c1e191d283d0cc2f1600c8c80d6dcd430c", size = 12484040, upload-time = "2025-10-02T19:28:49.199Z" },
    { url = "https://files.pythonhosted.org/packages/b0/b5/4a21a4922e5dd6845e91896b0d9ef493574cbe061ef7d00a73c61db531af/ruff-0.13.3-py3-none-macosx_10_12_x86_64.whl", hash = "sha256:2bdad6512fb666b40fcadb65e33add2b040fc18a24997d2e47fee7d66f7fcae2", size = 13122975, upload-time = "2025-10-02T19:28:52.446Z" },
    { url = "https://files.pythonhosted.org/packages/40/90/15649af836d88c9f154e5be87e64ae7d2b1baa5a3ef317cb0c8fafcd882d/ruff-0.13.3-py3-none-macosx_11_0_arm64.whl", hash = "sha256:fc6fa4637284708d6ed4e5e970d52fc3b76a557d7b4e85a53013d9d201d93286", size = 12346621, upload-time = "2025-10-02T19:28:54.712Z" },
    { url = "https://files.pythonhosted.org/packages/a5/42/bcbccb8141305f9a6d3f72549dd82d1134299177cc7eaf832599700f95a7/ruff-0.13.3-py3-none-manylinux_2_17_aarch64.manylinux2014_aarch64.whl", hash = "sha256:1c9e6469864f94a98f412f20ea143d547e4c652f45e44f369d7b74ee78185838", size = 12574408, upload-time = "2025-10-02T19:28:56.679Z" },
    { url = "https://files.pythonhosted.org/packages/ce/19/0f3681c941cdcfa2d110ce4515624c07a964dc315d3100d889fcad3bfc9e/ruff-0.13.3-py3-none-manylinux_2_17_armv7l.manylinux2014_armv7l.whl", hash = "sha256:5bf62b705f319476c78891e0e97e965b21db468b3c999086de8ffb0d40fd2822", size = 12285330, upload-time = "2025-10-02T19:28:58.79Z" },
    { url = "https://files.pythonhosted.org/packages/10/f8/387976bf00d126b907bbd7725219257feea58650e6b055b29b224d8cb731/ruff-0.13.3-py3-none-manylinux_2_17_i686.manylinux2014_i686.whl", hash = "sha256:78cc1abed87ce40cb07ee0667ce99dbc766c9f519eabfd948ed87295d8737c60", size = 13980815, upload-time = "2025-10-02T19:29:01.577Z" },
    { url = "https://files.pythonhosted.org/packages/0c/a6/7c8ec09d62d5a406e2b17d159e4817b63c945a8b9188a771193b7e1cc0b5/ruff-0.13.3-py3-none-manylinux_2_17_ppc64.manylinux2014_ppc64.whl", hash = "sha256:4fb75e7c402d504f7a9a259e0442b96403fa4a7310ffe3588d11d7e170d2b1e3", size = 14987733, upload-time = "2025-10-02T19:29:04.036Z" },
    { url = "https://files.pythonhosted.org/packages/97/e5/f403a60a12258e0fd0c2195341cfa170726f254c788673495d86ab5a9a9d/ruff-0.13.3-py3-none-manylinux_2_17_ppc64le.manylinux2014_ppc64le.whl", hash = "sha256:17b951f9d9afb39330b2bdd2dd144ce1c1335881c277837ac1b50bfd99985ed3", size = 14439848, upload-time = "2025-10-02T19:29:06.684Z" },
    { url = "https://files.pythonhosted.org/packages/39/49/3de381343e89364c2334c9f3268b0349dc734fc18b2d99a302d0935c8345/ruff-0.13.3-py3-none-manylinux_2_17_s390x.manylinux2014_s390x.whl", hash = "sha256:6052f8088728898e0a449f0dde8fafc7ed47e4d878168b211977e3e7e854f662", size = 13421890, upload-time = "2025-10-02T19:29:08.767Z" },
    { url = "https://files.pythonhosted.org/packages/ab/b5/c0feca27d45ae74185a6bacc399f5d8920ab82df2d732a17213fb86a2c4c/ruff-0.13.3-py3-none-manylinux_2_17_x86_64.manylinux2014_x86_64.whl", hash = "sha256:dc742c50f4ba72ce2a3be362bd359aef7d0d302bf7637a6f942eaa763bd292af", size = 13444870, upload-time = "2025-10-02T19:29:11.234Z" },
    { url = "https://files.pythonhosted.org/packages/50/a1/b655298a1f3fda4fdc7340c3f671a4b260b009068fbeb3e4e151e9e3e1bf/ruff-0.13.3-py3-none-manylinux_2_31_riscv64.whl", hash = "sha256:8e5640349493b378431637019366bbd73c927e515c9c1babfea3e932f5e68e1d", size = 13691599, upload-time = "2025-10-02T19:29:13.353Z" },
    { url = "https://files.pythonhosted.org/packages/32/b0/a8705065b2dafae007bcae21354e6e2e832e03eb077bb6c8e523c2becb92/ruff-0.13.3-py3-none-musllinux_1_2_aarch64.whl", hash = "sha256:6b139f638a80eae7073c691a5dd8d581e0ba319540be97c343d60fb12949c8d0", size = 12421893, upload-time = "2025-10-02T19:29:15.668Z" },
    { url = "https://files.pythonhosted.org/packages/0d/1e/cbe7082588d025cddbb2f23e6dfef08b1a2ef6d6f8328584ad3015b5cebd/ruff-0.13.3-py3-none-musllinux_1_2_armv7l.whl", hash = "sha256:6b547def0a40054825de7cfa341039ebdfa51f3d4bfa6a0772940ed351d2746c", size = 12267220, upload-time = "2025-10-02T19:29:17.583Z" },
    { url = "https://files.pythonhosted.org/packages/a5/99/4086f9c43f85e0755996d09bdcb334b6fee9b1eabdf34e7d8b877fadf964/ruff-0.13.3-py3-none-musllinux_1_2_i686.whl", hash = "sha256:9cc48a3564423915c93573f1981d57d101e617839bef38504f85f3677b3a0a3e", size = 13177818, upload-time = "2025-10-02T19:29:19.943Z" },
    { url = "https://files.pythonhosted.org/packages/9b/de/7b5db7e39947d9dc1c5f9f17b838ad6e680527d45288eeb568e860467010/ruff-0.13.3-py3-none-musllinux_1_2_x86_64.whl", hash = "sha256:1a993b17ec03719c502881cb2d5f91771e8742f2ca6de740034433a97c561989", size = 13618715, upload-time = "2025-10-02T19:29:22.527Z" },
    { url = "https://files.pythonhosted.org/packages/28/d3/bb25ee567ce2f61ac52430cf99f446b0e6d49bdfa4188699ad005fdd16aa/ruff-0.13.3-py3-none-win32.whl", hash = "sha256:f14e0d1fe6460f07814d03c6e32e815bff411505178a1f539a38f6097d3e8ee3", size = 12334488, upload-time = "2025-10-02T19:29:24.782Z" },
    { url = "https://files.pythonhosted.org/packages/cf/49/12f5955818a1139eed288753479ba9d996f6ea0b101784bb1fe6977ec128/ruff-0.13.3-py3-none-win_amd64.whl", hash = "sha256:621e2e5812b691d4f244638d693e640f188bacbb9bc793ddd46837cea0503dd2", size = 13455262, upload-time = "2025-10-02T19:29:26.882Z" },
    { url = "https://files.pythonhosted.org/packages/fe/72/7b83242b26627a00e3af70d0394d68f8f02750d642567af12983031777fc/ruff-0.13.3-py3-none-win_arm64.whl", hash = "sha256:9e9e9d699841eaf4c2c798fa783df2fabc680b72059a02ca0ed81c460bc58330", size = 12538484, upload-time = "2025-10-02T19:29:28.951Z" },
]

[[package]]
name = "sqlalchemy"
version = "2.0.46"
source = { registry = "https://pypi.org/simple" }
dependencies = [
    { name = "greenlet", marker = "platform_machine == 'AMD64' or platform_machine == 'WIN32' or platform_machine == 'aarch64' or platform_machine == 'amd64' or platform_machine == 'ppc64le' or platform_machine == 'win32' or platform_machine == 'x86_64'" },
    { name = "typing-extensions" },
]
sdist = { url = "https://files.pythonhosted.org/packages/06/aa/9ce0f3e7a9829ead5c8ce549392f33a12c4555a6c0609bb27d882e9c7ddf/sqlalchemy-2.0.46.tar.gz", hash = "sha256:cf36851ee7219c170bb0793dbc3da3e80c582e04a5437bc601bfe8c85c9216d7", size = 9865393, upload-time = "2026-01-21T18:03:45.119Z" }
wheels = [
    { url = "https://files.pythonhosted.org/packages/b3/4b/fa7838fe20bb752810feed60e45625a9a8b0102c0c09971e2d1d95362992/sqlalchemy-2.0.46-cp313-cp313-macosx_11_0_arm64.whl", hash = "sha256:93a12da97cca70cea10d4b4fc602589c4511f96c1f8f6c11817620c021d21d00", size = 2150268, upload-time = "2026-01-21T19:05:56.621Z" },
    { url = "https://files.pythonhosted.org/packages/46/c1/b34dccd712e8ea846edf396e00973dda82d598cb93762e55e43e6835eba9/sqlalchemy-2.0.46-cp313-cp313-manylinux2014_aarch64.manylinux_2_17_aarch64.manylinux_2_28_aarch64.whl", hash = "sha256:af865c18752d416798dae13f83f38927c52f085c52e2f32b8ab0fef46fdd02c2", size = 3276511, upload-time = "2026-01-21T18:46:49.022Z" },
    { url = "https://files.pythonhosted.org/packages/96/48/a04d9c94753e5d5d096c628c82a98c4793b9c08ca0e7155c3eb7d7db9f24/sqlalchemy-2.0.46-cp313-cp313-manylinux2014_x86_64.manylinux_2_17_x86_64.manylinux_2_28_x86_64.whl", hash = "sha256:8d679b5f318423eacb61f933a9a0f75535bfca7056daeadbf6bd5bcee6183aee", size = 3292881, upload-time = "2026-01-21T18:40:13.089Z" },
    { url = "https://files.pythonhosted.org/packages/be/f4/06eda6e91476f90a7d8058f74311cb65a2fb68d988171aced81707189131/sqlalchemy-2.0.46-cp313-cp313-musllinux_1_2_aarch64.whl", hash = "sha256:64901e08c33462acc9ec3bad27fc7a5c2b6491665f2aa57564e57a4f5d7c52ad", size = 3224559, upload-time = "2026-01-21T18:46:50.974Z" },
    { url = "https://files.pythonhosted.org/packages/ab/a2/d2af04095412ca6345ac22b33b89fe8d6f32a481e613ffcb2377d931d8d0/sqlalchemy-2.0.46-cp313-cp313-musllinux_1_2_x86_64.whl", hash = "sha256:e8ac45e8f4eaac0f9f8043ea0e224158855c6a4329fd4ee37c45c61e3beb518e", size = 3262728, upload-time = "2026-01-21T18:40:14.883Z" },
    { url = "https://files.pythonhosted.org/packages/31/48/1980c7caa5978a3b8225b4d230e69a2a6538a3562b8b31cea679b6933c83/sqlalchemy-2.0.46-cp313-cp313-win32.whl", hash = "sha256:8d3b44b3d0ab2f1319d71d9863d76eeb46766f8cf9e921ac293511804d39813f", size = 2111295, upload-time = "2026-01-21T18:42:52.366Z" },
    { url = "https://files.pythonhosted.org/packages/2d/54/f8d65bbde3d877617c4720f3c9f60e99bb7266df0d5d78b6e25e7c149f35/sqlalchemy-2.0.46-cp313-cp313-win_amd64.whl", hash = "sha256:77f8071d8fbcbb2dd11b7fd40dedd04e8ebe2eb80497916efedba844298065ef", size = 2137076, upload-time = "2026-01-21T18:42:53.924Z" },
    { url = "https://files.pythonhosted.org/packages/56/ba/9be4f97c7eb2b9d5544f2624adfc2853e796ed51d2bb8aec90bc94b7137e/sqlalchemy-2.0.46-cp313-cp313t-manylinux2014_aarch64.manylinux_2_17_aarch64.manylinux_2_28_aarch64.whl", hash = "sha256:a1e8cc6cc01da346dc92d9509a63033b9b1bda4fed7a7a7807ed385c7dccdc10", size = 3556533, upload-time = "2026-01-21T18:33:06.636Z" },
    { url = "https://files.pythonhosted.org/packages/20/a6/b1fc6634564dbb4415b7ed6419cdfeaadefd2c39cdab1e3aa07a5f2474c2/sqlalchemy-2.0.46-cp313-cp313t-manylinux2014_x86_64.manylinux_2_17_x86_64.manylinux_2_28_x86_64.whl", hash = "sha256:96c7cca1a4babaaf3bfff3e4e606e38578856917e52f0384635a95b226c87764", size = 3523208, upload-time = "2026-01-21T18:45:08.436Z" },
    { url = "https://files.pythonhosted.org/packages/a1/d8/41e0bdfc0f930ff236f86fccd12962d8fa03713f17ed57332d38af6a3782/sqlalchemy-2.0.46-cp313-cp313t-musllinux_1_2_aarch64.whl", hash = "sha256:b2a9f9aee38039cf4755891a1e50e1effcc42ea6ba053743f452c372c3152b1b", size = 3464292, upload-time = "2026-01-21T18:33:08.208Z" },
    { url = "https://files.pythonhosted.org/packages/f0/8b/9dcbec62d95bea85f5ecad9b8d65b78cc30fb0ffceeb3597961f3712549b/sqlalchemy-2.0.46-cp313-cp313t-musllinux_1_2_x86_64.whl", hash = "sha256:db23b1bf8cfe1f7fda19018e7207b20cdb5168f83c437ff7e95d19e39289c447", size = 3473497, upload-time = "2026-01-21T18:45:10.552Z" },
    { url = "https://files.pythonhosted.org/packages/fc/a1/9c4efa03300926601c19c18582531b45aededfb961ab3c3585f1e24f120b/sqlalchemy-2.0.46-py3-none-any.whl", hash = "sha256:f9c11766e7e7c0a2767dda5acb006a118640c9fc0a4104214b96269bfb78399e", size = 1937882, upload-time = "2026-01-21T18:22:10.456Z" },
]

[[package]]
name = "stats-entities"
version = "0.1.0"
source = { editable = "." }
dependencies = [
    { name = "sqlalchemy" },
]

[package.dev-dependencies]
test = [
    { name = "pytest" },
    { name = "ruff" },
]

[package.metadata]
requires-dist = [{ name = "sqlalchemy", specifier = ">=2.0.43" }]

[package.metadata.requires-dev]
test = [
    { name = "pytest", specifier = ">=8.4.2,<9" },
    { name = "ruff", specifier = ">=0.13.0,<0.14" },
]

[[package]]
name = "typing-extensions"
version = "4.15.0"
source = { registry = "https://pypi.org/simple" }
sdist = { url = "https://files.pythonhosted.org/packages/72/94/1a15dd82efb362ac84269196e94cf00f187f7ed21c242792a923cdb1c61f/typing_extensions-4.15.0.tar.gz", hash = "sha256:0cea48d173cc12fa28ecabc3b837ea3cf6f38c6d1136f85cbaaf598984861466", size = 109391, upload-time = "2025-08-25T13:49:26.313Z" }
wheels = [
    { url = "https://files.pythonhosted.org/packages/18/67/36e9267722cc04a6b9f15c7f3441c2363321a3ea07da7ae0c0707beb2a9c/typing_extensions-4.15.0-py3-none-any.whl", hash = "sha256:f0fa19c6845758ab08074a0cfa8b7aecb71c999ca73d62883bc25cc018c4e548", size = 44614, upload-time = "2025-08-25T13:49:24.86Z" },
]
