version = 1
revision = 3
requires-python = ">=3.11.13, <3.12"

[[package]]
name = "asynch"
version = "0.3.1"
source = { registry = "https://pypi.org/simple" }
dependencies = [
    { name = "ciso8601" },
    { name = "leb128" },
    { name = "lz4" },
    { name = "pytz" },
    { name = "tzlocal" },
    { name = "zstd" },
]
sdist = { url = "https://files.pythonhosted.org/packages/0b/ce/f11ee2cafa6010d295db3ddee089f14cfc5fa9b8a19d0a21356c18a49267/asynch-0.3.1.tar.gz", hash = "sha256:d8bb3c1793a74a2e9d44cc7e8406ead3cf3818c11ecd6d8405b702b23148c584", size = 59825, upload-time = "2025-11-11T15:20:22.975Z" }
wheels = [
    { url = "https://files.pythonhosted.org/packages/ca/b0/9547aeadb577cb0c590162661b31110f7c3c02c1b23653a1b33222c7ff70/asynch-0.3.1-py3-none-any.whl", hash = "sha256:32b30a4409b70514077f7bf8ef713a248158fe5e63504c2769a4c7f772828412", size = 76502, upload-time = "2025-11-11T15:20:21.46Z" },
]

[[package]]
name = "atlas-provider-sqlalchemy"
version = "0.5.0"
source = { registry = "https://pypi.org/simple" }
dependencies = [
    { name = "clickhouse-sqlalchemy" },
    { name = "sqlalchemy" },
    { name = "typer" },
]
sdist = { url = "https://files.pythonhosted.org/packages/cd/25/cd209646b088ac7230516b6d9f64b54b3674ab003a6fe42759b293eeb347/atlas_provider_sqlalchemy-0.5.0.tar.gz", hash = "sha256:dca4e8d0a9881e03b10c59a7d654aed1704ccc74c7046f6e39eb5703f2cf5172", size = 10070, upload-time = "2025-12-14T11:04:49.457Z" }
wheels = [
    { url = "https://files.pythonhosted.org/packages/59/d4/878dd1e068ac0077361d02907c551a4b111b2ec42a4442db2b35ebb20c55/atlas_provider_sqlalchemy-0.5.0-py3-none-any.whl", hash = "sha256:ced8870690f5d99ea6972cdbc5a9c30ba27a5a5a817ea38e825121b1c788c905", size = 12023, upload-time = "2025-12-14T11:04:48.265Z" },
]

[[package]]
name = "certifi"
version = "2026.2.25"
source = { registry = "https://pypi.org/simple" }
sdist = { url = "https://files.pythonhosted.org/packages/af/2d/7bf41579a8986e348fa033a31cdd0e4121114f6bce2457e8876010b092dd/certifi-2026.2.25.tar.gz", hash = "sha256:e887ab5cee78ea814d3472169153c2d12cd43b14bd03329a39a9c6e2e80bfba7", size = 155029, upload-time = "2026-02-25T02:54:17.342Z" }
wheels = [
    { url = "https://files.pythonhosted.org/packages/9a/3c/c17fb3ca2d9c3acff52e30b309f538586f9f5b9c9cf454f3845fc9af4881/certifi-2026.2.25-py3-none-any.whl", hash = "sha256:027692e4402ad994f1c42e52a4997a9763c646b73e4096e4d5d6db8af1d6f0fa", size = 153684, upload-time = "2026-02-25T02:54:15.766Z" },
]

[[package]]
name = "charset-normalizer"
version = "3.4.7"
source = { registry = "https://pypi.org/simple" }
sdist = { url = "https://files.pythonhosted.org/packages/e7/a1/67fe25fac3c7642725500a3f6cfe5821ad557c3abb11c9d20d12c7008d3e/charset_normalizer-3.4.7.tar.gz", hash = "sha256:ae89db9e5f98a11a4bf50407d4363e7b09b31e55bc117b4f7d80aab97ba009e5", size = 144271, upload-time = "2026-04-02T09:28:39.342Z" }
wheels = [
    { url = "https://files.pythonhosted.org/packages/c2/d7/b5b7020a0565c2e9fa8c09f4b5fa6232feb326b8c20081ccded47ea368fd/charset_normalizer-3.4.7-cp311-cp311-macosx_10_9_universal2.whl", hash = "sha256:7641bb8895e77f921102f72833904dcd9901df5d6d72a2ab8f31d04b7e51e4e7", size = 309705, upload-time = "2026-04-02T09:26:02.191Z" },
    { url = "https://files.pythonhosted.org/packages/5a/53/58c29116c340e5456724ecd2fff4196d236b98f3da97b404bc5e51ac3493/charset_normalizer-3.4.7-cp311-cp311-manylinux2014_aarch64.manylinux_2_17_aarch64.manylinux_2_28_aarch64.whl", hash = "sha256:202389074300232baeb53ae2569a60901f7efadd4245cf3a3bf0617d60b439d7", size = 206419, upload-time = "2026-04-02T09:26:03.583Z" },
    { url = "https://files.pythonhosted.org/packages/b2/02/e8146dc6591a37a00e5144c63f29fb7c97a734ea8a111190783c0e60ab63/charset_normalizer-3.4.7-cp311-cp311-manylinux2014_ppc64le.manylinux_2_17_ppc64le.manylinux_2_28_ppc64le.whl", hash = "sha256:30b8d1d8c52a48c2c5690e152c169b673487a2a58de1ec7393196753063fcd5e", size = 227901, upload-time = "2026-04-02T09:26:04.738Z" },
    { url = "https://files.pythonhosted.org/packages/fb/73/77486c4cd58f1267bf17db420e930c9afa1b3be3fe8c8b8ebbebc9624359/charset_normalizer-3.4.7-cp311-cp311-manylinux2014_s390x.manylinux_2_17_s390x.manylinux_2_28_s390x.whl", hash = "sha256:532bc9bf33a68613fd7d65e4b1c71a6a38d7d42604ecf239c77392e9b4e8998c", size = 222742, upload-time = "2026-04-02T09:26:06.36Z" },
    { url = "https://files.pythonhosted.org/packages/a1/fa/f74eb381a7d94ded44739e9d94de18dc5edc9c17fb8c11f0a6890696c0a9/charset_normalizer-3.4.7-cp311-cp311-manylinux2014_x86_64.manylinux_2_17_x86_64.manylinux_2_28_x86_64.whl", hash = "sha256:2fe249cb4651fd12605b7288b24751d8bfd46d35f12a20b1ba33dea122e690df", size = 214061, upload-time = "2026-04-02T09:26:08.347Z" },
    { url = "https://files.pythonhosted.org/packages/dc/92/42bd3cefcf7687253fb86694b45f37b733c97f59af3724f356fa92b8c344/charset_normalizer-3.4.7-cp311-cp311-manylinux_2_31_armv7l.whl", hash = "sha256:65bcd23054beab4d166035cabbc868a09c1a49d1efe458fe8e4361215df40265", size = 199239, upload-time = "2026-04-02T09:26:09.823Z" },
    { url = "https://files.pythonhosted.org/packages/4c/3d/069e7184e2aa3b3cddc700e3dd267413dc259854adc3380421c805c6a17d/charset_normalizer-3.4.7-cp311-cp311-manylinux_2_31_riscv64.manylinux_2_39_riscv64.whl", hash = "sha256:08e721811161356f97b4059a9ba7bafb23ea5ee2255402c42881c214e173c6b4", size = 210173, upload-time = "2026-04-02T09:26:10.953Z" },
    { url = "https://files.pythonhosted.org/packages/62/51/9d56feb5f2e7074c46f93e0ebdbe61f0848ee246e2f0d89f8e20b89ebb8f/charset_normalizer-3.4.7-cp311-cp311-musllinux_1_2_aarch64.whl", hash = "sha256:e060d01aec0a910bdccb8be71faf34e7799ce36950f8294c8bf612cba65a2c9e", size = 209841, upload-time = "2026-04-02T09:26:12.142Z" },
    { url = "https://files.pythonhosted.org/packages/d2/59/893d8f99cc4c837dda1fe2f1139079703deb9f321aabcb032355de13b6c7/charset_normalizer-3.4.7-cp311-cp311-musllinux_1_2_armv7l.whl", hash = "sha256:38c0109396c4cfc574d502df99742a45c72c08eff0a36158b6f04000043dbf38", size = 200304, upload-time = "2026-04-02T09:26:13.711Z" },
    { url = "https://files.pythonhosted.org/packages/7d/1d/ee6f3be3464247578d1ed5c46de545ccc3d3ff933695395c402c21fa6b77/charset_normalizer-3.4.7-cp311-cp311-musllinux_1_2_ppc64le.whl", hash = "sha256:1c2a768fdd44ee4a9339a9b0b130049139b8ce3c01d2ce09f67f5a68048d477c", size = 229455, upload-time = "2026-04-02T09:26:14.941Z" },
    { url = "https://files.pythonhosted.org/packages/54/bb/8fb0a946296ea96a488928bdce8ef99023998c48e4713af533e9bb98ef07/charset_normalizer-3.4.7-cp311-cp311-musllinux_1_2_riscv64.whl", hash = "sha256:1a87ca9d5df6fe460483d9a5bbf2b18f620cbed41b432e2bddb686228282d10b", size = 210036, upload-time = "2026-04-02T09:26:16.478Z" },
    { url = "https://files.pythonhosted.org/packages/9a/bc/015b2387f913749f82afd4fcba07846d05b6d784dd16123cb66860e0237d/charset_normalizer-3.4.7-cp311-cp311-musllinux_1_2_s390x.whl", hash = "sha256:d635aab80466bc95771bb78d5370e74d36d1fe31467b6b29b8b57b2a3cd7d22c", size = 224739, upload-time = "2026-04-02T09:26:17.751Z" },
    { url = "https://files.pythonhosted.org/packages/17/ab/63133691f56baae417493cba6b7c641571a2130eb7bceba6773367ab9ec5/charset_normalizer-3.4.7-cp311-cp311-musllinux_1_2_x86_64.whl", hash = "sha256:ae196f021b5e7c78e918242d217db021ed2a6ace2bc6ae94c0fc596221c7f58d", size = 216277, upload-time = "2026-04-02T09:26:18.981Z" },
    { url = "https://files.pythonhosted.org/packages/06/6d/3be70e827977f20db77c12a97e6a9f973631a45b8d186c084527e53e77a4/charset_normalizer-3.4.7-cp311-cp311-win32.whl", hash = "sha256:adb2597b428735679446b46c8badf467b4ca5f5056aae4d51a19f9570301b1ad", size = 147819, upload-time = "2026-04-02T09:26:20.295Z" },
    { url = "https://files.pythonhosted.org/packages/20/d9/5f67790f06b735d7c7637171bbfd89882ad67201891b7275e51116ed8207/charset_normalizer-3.4.7-cp311-cp311-win_amd64.whl", hash = "sha256:8e385e4267ab76874ae30db04c627faaaf0b509e1ccc11a95b3fc3e83f855c00", size = 159281, upload-time = "2026-04-02T09:26:21.74Z" },
    { url = "https://files.pythonhosted.org/packages/ca/83/6413f36c5a34afead88ce6f66684d943d91f233d76dd083798f9602b75ae/charset_normalizer-3.4.7-cp311-cp311-win_arm64.whl", hash = "sha256:d4a48e5b3c2a489fae013b7589308a40146ee081f6f509e047e0e096084ceca1", size = 147843, upload-time = "2026-04-02T09:26:22.901Z" },
    { url = "https://files.pythonhosted.org/packages/db/8f/61959034484a4a7c527811f4721e75d02d653a35afb0b6054474d8185d4c/charset_normalizer-3.4.7-py3-none-any.whl", hash = "sha256:3dce51d0f5e7951f8bb4900c257dad282f49190fdbebecd4ba99bcc41fef404d", size = 61958, upload-time = "2026-04-02T09:28:37.794Z" },
]

[[package]]
name = "ciso8601"
version = "2.3.3"
source = { registry = "https://pypi.org/simple" }
sdist = { url = "https://files.pythonhosted.org/packages/c1/8a/075724aea06c98626109bfd670c27c248c87b9ba33e637f069bf46e8c4c3/ciso8601-2.3.3.tar.gz", hash = "sha256:db5d78d9fb0de8686fbad1c1c2d168ed52efb6e8bf8774ae26226e5034a46dae", size = 31909, upload-time = "2025-08-20T16:31:33.51Z" }
wheels = [
    { url = "https://files.pythonhosted.org/packages/fc/30/5744492f9e7dbe60a3c92968cdb8987566f5389b8d0e5c60f6d633da45fe/ciso8601-2.3.3-cp311-cp311-macosx_11_0_arm64.whl", hash = "sha256:f068fb60b801640b4d729a3cf79f5b3075c071f0dad3a08e5bf68b89ca41aef7", size = 16076, upload-time = "2025-08-20T16:30:27.005Z" },
    { url = "https://files.pythonhosted.org/packages/e0/c6/ce97f28a3b936a9a6c0abba9905382cb89022b8e1abb37a2150c1caf71d6/ciso8601-2.3.3-cp311-cp311-macosx_11_0_universal2.whl", hash = "sha256:2f347401756cdd552420a4596a0535a4f8193298ff401e41fb31603e182ae302", size = 24110, upload-time = "2025-08-20T16:30:28.243Z" },
    { url = "https://files.pythonhosted.org/packages/dc/89/1af026c7959d39bdbaa6400b76ffb54437fa52698b801d51ddaa14063f0e/ciso8601-2.3.3-cp311-cp311-macosx_11_0_x86_64.whl", hash = "sha256:77e8e691ade14dd0e2ae1bcdd98475c25cd76be34b1cf43d9138bbb7ea7a8a37", size = 15871, upload-time = "2025-08-20T16:30:30.059Z" },
    { url = "https://files.pythonhosted.org/packages/a4/1a/9ae630bf75a51755bf701660a65207b8efa2f95590408832b38e58834d57/ciso8601-2.3.3-cp311-cp311-manylinux1_x86_64.manylinux_2_28_x86_64.manylinux_2_5_x86_64.whl", hash = "sha256:a5839ea7d2edf22e0199587e2ea71bc082b0e7ffce90389c7bdd407c05dbf230", size = 40380, upload-time = "2025-08-20T16:30:31.211Z" },
    { url = "https://files.pythonhosted.org/packages/4f/3c/8671bde2bbf6abb8ceee82db0bc6bcd08066e7104680e3866eda6047adc1/ciso8601-2.3.3-cp311-cp311-manylinux2014_aarch64.manylinux_2_17_aarch64.manylinux_2_28_aarch64.whl", hash = "sha256:de0476ced02b965ef82c20191757f26e14878c76ce8d32a94c1e9ee14658ec6e", size = 40914, upload-time = "2025-08-20T16:30:32.096Z" },
    { url = "https://files.pythonhosted.org/packages/8e/bc/433f91f19ff553653f340e77dbb12afe46de8a84a407ae01483d22ea8f7a/ciso8601-2.3.3-cp311-cp311-musllinux_1_2_aarch64.whl", hash = "sha256:fe9303131af07e3596583e9d7faebb755d44c52c16f8077beeea1b297541fb61", size = 40154, upload-time = "2025-08-20T16:30:33.325Z" },
    { url = "https://files.pythonhosted.org/packages/48/b7/39b905b09f77f2140724707919edea2a3d34b00a9366cd7ad541aefb464e/ciso8601-2.3.3-cp311-cp311-musllinux_1_2_x86_64.whl", hash = "sha256:4c443761b899e4e350a647b3439f8e999d6c925dc4e83887b3063b13c2a9b195", size = 40428, upload-time = "2025-08-20T16:30:34.626Z" },
    { url = "https://files.pythonhosted.org/packages/f2/11/e676e1ac5dd8523dfc2e06c799840103343dc13c650d6ed06c63a8e41d5a/ciso8601-2.3.3-cp311-cp311-win_amd64.whl", hash = "sha256:e3a395ebc5932982a72841820a6bf6e5cd1d41a760cd15ffafd1d4e963c9b802", size = 17519, upload-time = "2025-08-20T16:30:35.539Z" },
    { url = "https://files.pythonhosted.org/packages/f1/1d/025db546af38ab5236086f462292c50a1f9a4b248a309129a85bb1113996/ciso8601-2.3.3-pp311-pypy311_pp73-manylinux1_x86_64.manylinux_2_28_x86_64.manylinux_2_5_x86_64.whl", hash = "sha256:d5b18c75c66499ef22cb47b429e3b5a137db5a68674365b9ca3cd0e4488d229f", size = 16957, upload-time = "2025-08-20T16:31:27.503Z" },
    { url = "https://files.pythonhosted.org/packages/22/fc/976d9c4b79e28cbda95b1acf574b00f811d9aec0fce55b63d573d6fa446b/ciso8601-2.3.3-pp311-pypy311_pp73-manylinux2014_aarch64.manylinux_2_17_aarch64.manylinux_2_28_aarch64.whl", hash = "sha256:58799673ffdf621fe138fb8af6a89daf4ddefdf7ca4a10777ad8d55f3f171b6e", size = 18284, upload-time = "2025-08-20T16:31:28.43Z" },
]

[[package]]
name = "click"
version = "8.3.0"
source = { registry = "https://pypi.org/simple" }
dependencies = [
    { name = "colorama", marker = "sys_platform == 'win32'" },
]
sdist = { url = "https://files.pythonhosted.org/packages/46/61/de6cd827efad202d7057d93e0fed9294b96952e188f7384832791c7b2254/click-8.3.0.tar.gz", hash = "sha256:e7b8232224eba16f4ebe410c25ced9f7875cb5f3263ffc93cc3e8da705e229c4", size = 276943, upload-time = "2025-09-18T17:32:23.696Z" }
wheels = [
    { url = "https://files.pythonhosted.org/packages/db/d3/9dcc0f5797f070ec8edf30fbadfb200e71d9db6b84d211e3b2085a7589a0/click-8.3.0-py3-none-any.whl", hash = "sha256:9b9f285302c6e3064f4330c05f05b81945b2a39544279343e6e7c5f27a9baddc", size = 107295, upload-time = "2025-09-18T17:32:22.42Z" },
]

[[package]]
name = "clickhouse-driver"
version = "0.2.10"
source = { registry = "https://pypi.org/simple" }
dependencies = [
    { name = "pytz" },
    { name = "tzlocal" },
]
sdist = { url = "https://files.pythonhosted.org/packages/46/9e/d8e40b29b6269a84552441a553fc64dff28f2d7e2d92e81c6be84fe12b4c/clickhouse_driver-0.2.10.tar.gz", hash = "sha256:925fc6ecda1e5314e3f03bcb493955c068b070cdba221fb8ce27329ee8a7f71b", size = 409448, upload-time = "2025-11-10T22:49:58.764Z" }
wheels = [
    { url = "https://files.pythonhosted.org/packages/13/9d/bb9ee6df5a8fb60b56f9ca76cb9b22beb6d47d45ce561dca4ef9a63c1d4a/clickhouse_driver-0.2.10-cp311-cp311-macosx_10_9_x86_64.whl", hash = "sha256:946daf834f021d69acbebee7abde87bd4ad5aa46fa7b7643805abc7ff487a91f", size = 212466, upload-time = "2025-11-10T22:47:33.591Z" },
    { url = "https://files.pythonhosted.org/packages/ec/e0/1ae285f4d5bb61bb62016deb38dc175a2b8cbe578dffdad5e1a5a02a176c/clickhouse_driver-0.2.10-cp311-cp311-macosx_11_0_arm64.whl", hash = "sha256:3572e74cd65828f72284bf607de259c059178b44b19a93cb67766b7e7458cf8e", size = 208477, upload-time = "2025-11-10T22:47:34.925Z" },
    { url = "https://files.pythonhosted.org/packages/28/04/e2fb47a4aaf9653c9ed872e1505e997d42f834b0891351ef54169e100c5c/clickhouse_driver-0.2.10-cp311-cp311-manylinux2014_aarch64.manylinux_2_17_aarch64.manylinux_2_28_aarch64.whl", hash = "sha256:767af2b2d2e02fb7abd8fc9619f8aa2de65be010d3024029d68bc9b1be564466", size = 1006131, upload-time = "2025-11-10T22:47:36.386Z" },
    { url = "https://files.pythonhosted.org/packages/e3/52/626cf3a908dde51638213a6c414e86bc66c47e384cb379c4a0533930a329/clickhouse_driver-0.2.10-cp311-cp311-manylinux2014_ppc64le.manylinux_2_17_ppc64le.manylinux_2_28_ppc64le.whl", hash = "sha256:b00005a89f0e40ec0bc313f7e131d958aa17e6af5c3260dbb5c7daf5370c5443", size = 1059838, upload-time = "2025-11-10T22:47:38.266Z" },
    { url = "https://files.pythonhosted.org/packages/12/57/a5917930760e4032e98017916bd6770308e146d44c58e450da6fa87f2d4b/clickhouse_driver-0.2.10-cp311-cp311-manylinux2014_s390x.manylinux_2_17_s390x.manylinux_2_28_s390x.whl", hash = "sha256:a62ad120dab6bcc68b6413b7ef0dbaef75ab5ca985d490a9e1ec13d93bf33dc3", size = 1069504, upload-time = "2025-11-10T22:47:40.681Z" },
    { url = "https://files.pythonhosted.org/packages/f5/08/4419ce43b27b6349fd14af0d8f5d8594d270b9bb24cbaca575bacfec630e/clickhouse_driver-0.2.10-cp311-cp311-manylinux2014_x86_64.manylinux_2_17_x86_64.manylinux_2_28_x86_64.whl", hash = "sha256:a9f65e71c99f0c8a64afa348977793967f897c4f731984ed54fed4eca8d375a0", size = 998284, upload-time = "2025-11-10T22:47:42.713Z" },
    { url = "https://files.pythonhosted.org/packages/36/10/edbe55be3554e2cea7c68ed1761aaa2bea0153474d81a467a0ac862b3478/clickhouse_driver-0.2.10-cp311-cp311-musllinux_1_2_aarch64.whl", hash = "sha256:c120b182ea7e9713b119ba2b518dd75503c18f26cb001a6e436326765fddd123", size = 971989, upload-time = "2025-11-10T22:47:44.642Z" },
    { url = "https://files.pythonhosted.org/packages/2f/18/d0b883af04067c70e99c22dbab1f085062ae764a063f22d4e144e833048d/clickhouse_driver-0.2.10-cp311-cp311-musllinux_1_2_ppc64le.whl", hash = "sha256:d3da6f6d05f14780f3183f8b7b23ed9826d1e0f2f73c2471037d5335b474782e", size = 1022107, upload-time = "2025-11-10T22:47:46.148Z" },
    { url = "https://files.pythonhosted.org/packages/fe/40/11446c52c5330123354f2f88151c620e1b38ca6d5131b2cc71786ec3c067/clickhouse_driver-0.2.10-cp311-cp311-musllinux_1_2_s390x.whl", hash = "sha256:9617c6ef154e58c6693be6e1169000957238f83d21fe20d57bb492412cc6128d", size = 1015750, upload-time = "2025-11-10T22:47:47.702Z" },
    { url = "https://files.pythonhosted.org/packages/36/9b/32abe3c76fe8494ad1642febbe4c59dfd46477e27c401d2ac8cc8a0a6117/clickhouse_driver-0.2.10-cp311-cp311-musllinux_1_2_x86_64.whl", hash = "sha256:b8c2dbee2083295c6d9789a10cb0c967c4e123e6315e3192e4ad935cd55967c3", size = 975901, upload-time = "2025-11-10T22:47:49.136Z" },
    { url = "https://files.pythonhosted.org/packages/5f/50/0cbbe783bf14381add11a241b4ba35349f5512d1765aabde63d7175c1f0b/clickhouse_driver-0.2.10-cp311-cp311-win32.whl", hash = "sha256:293f47bd36a5b69ede39638ea8f7c1eb3fa7e55f35778a3feb9a3615749100c4", size = 190097, upload-time = "2025-11-10T22:47:50.463Z" },
    { url = "https://files.pythonhosted.org/packages/1c/12/7bb65617527b2b9a2b4ca8cc0d1ea2d4bdbd6d05a4d9d141cef0083342db/clickhouse_driver-0.2.10-cp311-cp311-win_amd64.whl", hash = "sha256:c9aeebbb0c159173de37deef494b28a4423a767cd7c4b2d596556f7a072f90a6", size = 203591, upload-time = "2025-11-10T22:47:51.562Z" },
    { url = "https://files.pythonhosted.org/packages/d7/64/6d8ea99c03e99aaf8dfe87961fd2e5baedc72d0a289cab1c5138acbe2d1b/clickhouse_driver-0.2.10-pp311-pypy311_pp73-macosx_10_15_x86_64.whl", hash = "sha256:cb0bbad7b79ecb41f5f348528b6b0c46850d741669dd453f5fa633a8f3eff855", size = 190729, upload-time = "2025-11-10T22:49:45.635Z" },
    { url = "https://files.pythonhosted.org/packages/40/7d/9abdd95b0da0dcf6dc644336459f132575bfbdee1a4ba377195c2032c03a/clickhouse_driver-0.2.10-pp311-pypy311_pp73-manylinux2014_aarch64.manylinux_2_17_aarch64.manylinux_2_28_aarch64.whl", hash = "sha256:68e96e04282d126486b3820391a8ebf1d7c32b61e5fcbd701aeeda79017349e5", size = 216933, upload-time = "2025-11-10T22:49:47.474Z" },
    { url = "https://files.pythonhosted.org/packages/5a/a4/33d4b6f1650847280265756e4d54f94730cdac082ab3f9e6518ba97502bf/clickhouse_driver-0.2.10-pp311-pypy311_pp73-manylinux2014_x86_64.manylinux_2_17_x86_64.manylinux_2_28_x86_64.whl", hash = "sha256:0fd9f72fcfe86e0fef0681cd124325714e92e96ad1fd675dfbeaccdfb7bd2f64", size = 219670, upload-time = "2025-11-10T22:49:49.401Z" },
    { url = "https://files.pythonhosted.org/packages/d6/c0/320b7cb5e2b6ab73e10ca6f1c5d0a2f04b42dc3acb689533d102d9f3f5e4/clickhouse_driver-0.2.10-pp311-pypy311_pp73-win_amd64.whl", hash = "sha256:e24582110f3d532b35e106583981bea0b7a3b10167c8a890a7b6ea5c7c6ce6d6", size = 192945, upload-time = "2025-11-10T22:49:51.168Z" },
]

[[package]]
name = "clickhouse-sqlalchemy"
version = "0.3.2"
source = { registry = "https://pypi.org/simple" }
dependencies = [
    { name = "asynch" },
    { name = "clickhouse-driver" },
    { name = "requests" },
    { name = "sqlalchemy" },
]
sdist = { url = "https://files.pythonhosted.org/packages/2d/b9/801073bb20edd4efc5e7240ea318b755867fb0d62acb374daafc35419b39/clickhouse-sqlalchemy-0.3.2.tar.gz", hash = "sha256:267f3a9a1d0d186eb99a41895a684922d31125cea21702cd7dc73af1ccdd10e7", size = 45206, upload-time = "2024-06-12T12:08:58.044Z" }

[[package]]
name = "colorama"
version = "0.4.6"
source = { registry = "https://pypi.org/simple" }
sdist = { url = "https://files.pythonhosted.org/packages/d8/53/6f443c9a4a8358a93a6792e2acffb9d9d5cb0a5cfd8802644b7b1c9a02e4/colorama-0.4.6.tar.gz", hash = "sha256:08695f5cb7ed6e0531a20572697297273c47b8cae5a63ffc6d6ed5c201be6e44", size = 27697, upload-time = "2022-10-25T02:36:22.414Z" }
wheels = [
    { url = "https://files.pythonhosted.org/packages/d1/d6/3965ed04c63042e047cb6a3e6ed1a63a35087b6a609aa3a15ed8ac56c221/colorama-0.4.6-py2.py3-none-any.whl", hash = "sha256:4f1d9991f5acc0ca119f9d443620b77f9d6b33703e51011c16baf57afb285fc6", size = 25335, upload-time = "2022-10-25T02:36:20.889Z" },
]

[[package]]
name = "greenlet"
version = "3.2.4"
source = { registry = "https://pypi.org/simple" }
sdist = { url = "https://files.pythonhosted.org/packages/03/b8/704d753a5a45507a7aab61f18db9509302ed3d0a27ac7e0359ec2905b1a6/greenlet-3.2.4.tar.gz", hash = "sha256:0dca0d95ff849f9a364385f36ab49f50065d76964944638be9691e1832e9f86d", size = 188260, upload-time = "2025-08-07T13:24:33.51Z" }
wheels = [
    { url = "https://files.pythonhosted.org/packages/a4/de/f28ced0a67749cac23fecb02b694f6473f47686dff6afaa211d186e2ef9c/greenlet-3.2.4-cp311-cp311-macosx_11_0_universal2.whl", hash = "sha256:96378df1de302bc38e99c3a9aa311967b7dc80ced1dcc6f171e99842987882a2", size = 272305, upload-time = "2025-08-07T13:15:41.288Z" },
    { url = "https://files.pythonhosted.org/packages/09/16/2c3792cba130000bf2a31c5272999113f4764fd9d874fb257ff588ac779a/greenlet-3.2.4-cp311-cp311-manylinux2014_aarch64.manylinux_2_17_aarch64.whl", hash = "sha256:1ee8fae0519a337f2329cb78bd7a8e128ec0f881073d43f023c7b8d4831d5246", size = 632472, upload-time = "2025-08-07T13:42:55.044Z" },
    { url = "https://files.pythonhosted.org/packages/ae/8f/95d48d7e3d433e6dae5b1682e4292242a53f22df82e6d3dda81b1701a960/greenlet-3.2.4-cp311-cp311-manylinux2014_ppc64le.manylinux_2_17_ppc64le.whl", hash = "sha256:94abf90142c2a18151632371140b3dba4dee031633fe614cb592dbb6c9e17bc3", size = 644646, upload-time = "2025-08-07T13:45:26.523Z" },
    { url = "https://files.pythonhosted.org/packages/25/5d/382753b52006ce0218297ec1b628e048c4e64b155379331f25a7316eb749/greenlet-3.2.4-cp311-cp311-manylinux2014_x86_64.manylinux_2_17_x86_64.whl", hash = "sha256:0db5594dce18db94f7d1650d7489909b57afde4c580806b8d9203b6e79cdc079", size = 639707, upload-time = "2025-08-07T13:18:27.146Z" },
    { url = "https://files.pythonhosted.org/packages/1f/8e/abdd3f14d735b2929290a018ecf133c901be4874b858dd1c604b9319f064/greenlet-3.2.4-cp311-cp311-manylinux_2_24_x86_64.manylinux_2_28_x86_64.whl", hash = "sha256:2523e5246274f54fdadbce8494458a2ebdcdbc7b802318466ac5606d3cded1f8", size = 587684, upload-time = "2025-08-07T13:18:25.164Z" },
    { url = "https://files.pythonhosted.org/packages/5d/65/deb2a69c3e5996439b0176f6651e0052542bb6c8f8ec2e3fba97c9768805/greenlet-3.2.4-cp311-cp311-musllinux_1_1_aarch64.whl", hash = "sha256:1987de92fec508535687fb807a5cea1560f6196285a4cde35c100b8cd632cc52", size = 1116647, upload-time = "2025-08-07T13:42:38.655Z" },
    { url = "https://files.pythonhosted.org/packages/3f/cc/b07000438a29ac5cfb2194bfc128151d52f333cee74dd7dfe3fb733fc16c/greenlet-3.2.4-cp311-cp311-musllinux_1_1_x86_64.whl", hash = "sha256:55e9c5affaa6775e2c6b67659f3a71684de4c549b3dd9afca3bc773533d284fa", size = 1142073, upload-time = "2025-08-07T13:18:21.737Z" },
    { url = "https://files.pythonhosted.org/packages/67/24/28a5b2fa42d12b3d7e5614145f0bd89714c34c08be6aabe39c14dd52db34/greenlet-3.2.4-cp311-cp311-musllinux_1_2_aarch64.whl", hash = "sha256:c9c6de1940a7d828635fbd254d69db79e54619f165ee7ce32fda763a9cb6a58c", size = 1548385, upload-time = "2025-11-04T12:42:11.067Z" },
    { url = "https://files.pythonhosted.org/packages/6a/05/03f2f0bdd0b0ff9a4f7b99333d57b53a7709c27723ec8123056b084e69cd/greenlet-3.2.4-cp311-cp311-musllinux_1_2_x86_64.whl", hash = "sha256:03c5136e7be905045160b1b9fdca93dd6727b180feeafda6818e6496434ed8c5", size = 1613329, upload-time = "2025-11-04T12:42:12.928Z" },
    { url = "https://files.pythonhosted.org/packages/d8/0f/30aef242fcab550b0b3520b8e3561156857c94288f0332a79928c31a52cf/greenlet-3.2.4-cp311-cp311-win_amd64.whl", hash = "sha256:9c40adce87eaa9ddb593ccb0fa6a07caf34015a29bf8d344811665b573138db9", size = 299100, upload-time = "2025-08-07T13:44:12.287Z" },
]

[[package]]
name = "idna"
version = "3.11"
source = { registry = "https://pypi.org/simple" }
sdist = { url = "https://files.pythonhosted.org/packages/6f/6d/0703ccc57f3a7233505399edb88de3cbd678da106337b9fcde432b65ed60/idna-3.11.tar.gz", hash = "sha256:795dafcc9c04ed0c1fb032c2aa73654d8e8c5023a7df64a53f39190ada629902", size = 194582, upload-time = "2025-10-12T14:55:20.501Z" }
wheels = [
    { url = "https://files.pythonhosted.org/packages/0e/61/66938bbb5fc52dbdf84594873d5b51fb1f7c7794e9c0f5bd885f30bc507b/idna-3.11-py3-none-any.whl", hash = "sha256:771a87f49d9defaf64091e6e6fe9c18d4833f140bd19464795bc32d966ca37ea", size = 71008, upload-time = "2025-10-12T14:55:18.883Z" },
]

[[package]]
name = "leb128"
version = "1.0.9"
source = { registry = "https://pypi.org/simple" }
sdist = { url = "https://files.pythonhosted.org/packages/a4/3c/ef6fe994b4b45d84187fea994f124173d587f4f8ab0641693ef269e80f56/leb128-1.0.9.tar.gz", hash = "sha256:8f8b0e2216ba8a318e2897360d9a34d88e2c968656fcb7c7bbb1aef31010f1c6", size = 26710, upload-time = "2026-01-09T08:29:39.261Z" }
wheels = [
    { url = "https://files.pythonhosted.org/packages/0c/f6/62cd379fe8527c6d685013ebed11c85fd4fced125bde9b3c80ebd5759850/leb128-1.0.9-py2.py3-none-any.whl", hash = "sha256:fef16ef20aca33dfdd2f4841d8004ec4acb7ed8545b63a7bc1183292c9a3e594", size = 3700, upload-time = "2026-01-09T08:29:37.446Z" },
]

[[package]]
name = "lz4"
version = "4.4.5"
source = { registry = "https://pypi.org/simple" }
sdist = { url = "https://files.pythonhosted.org/packages/57/51/f1b86d93029f418033dddf9b9f79c8d2641e7454080478ee2aab5123173e/lz4-4.4.5.tar.gz", hash = "sha256:5f0b9e53c1e82e88c10d7c180069363980136b9d7a8306c4dca4f760d60c39f0", size = 172886, upload-time = "2025-11-03T13:02:36.061Z" }
wheels = [
    { url = "https://files.pythonhosted.org/packages/93/5b/6edcd23319d9e28b1bedf32768c3d1fd56eed8223960a2c47dacd2cec2af/lz4-4.4.5-cp311-cp311-macosx_10_9_x86_64.whl", hash = "sha256:d6da84a26b3aa5da13a62e4b89ab36a396e9327de8cd48b436a3467077f8ccd4", size = 207391, upload-time = "2025-11-03T13:01:36.644Z" },
    { url = "https://files.pythonhosted.org/packages/34/36/5f9b772e85b3d5769367a79973b8030afad0d6b724444083bad09becd66f/lz4-4.4.5-cp311-cp311-macosx_11_0_arm64.whl", hash = "sha256:61d0ee03e6c616f4a8b69987d03d514e8896c8b1b7cc7598ad029e5c6aedfd43", size = 207146, upload-time = "2025-11-03T13:01:37.928Z" },
    { url = "https://files.pythonhosted.org/packages/04/f4/f66da5647c0d72592081a37c8775feacc3d14d2625bbdaabd6307c274565/lz4-4.4.5-cp311-cp311-manylinux1_i686.manylinux_2_28_i686.manylinux_2_5_i686.whl", hash = "sha256:33dd86cea8375d8e5dd001e41f321d0a4b1eb7985f39be1b6a4f466cd480b8a7", size = 1292623, upload-time = "2025-11-03T13:01:39.341Z" },
    { url = "https://files.pythonhosted.org/packages/85/fc/5df0f17467cdda0cad464a9197a447027879197761b55faad7ca29c29a04/lz4-4.4.5-cp311-cp311-manylinux2014_aarch64.manylinux_2_17_aarch64.manylinux_2_28_aarch64.whl", hash = "sha256:609a69c68e7cfcfa9d894dc06be13f2e00761485b62df4e2472f1b66f7b405fb", size = 1279982, upload-time = "2025-11-03T13:01:40.816Z" },
    { url = "https://files.pythonhosted.org/packages/25/3b/b55cb577aa148ed4e383e9700c36f70b651cd434e1c07568f0a86c9d5fbb/lz4-4.4.5-cp311-cp311-manylinux2014_x86_64.manylinux_2_17_x86_64.manylinux_2_28_x86_64.whl", hash = "sha256:75419bb1a559af00250b8f1360d508444e80ed4b26d9d40ec5b09fe7875cb989", size = 1368674, upload-time = "2025-11-03T13:01:42.118Z" },
    { url = "https://files.pythonhosted.org/packages/fb/31/e97e8c74c59ea479598e5c55cbe0b1334f03ee74ca97726e872944ed42df/lz4-4.4.5-cp311-cp311-win32.whl", hash = "sha256:12233624f1bc2cebc414f9efb3113a03e89acce3ab6f72035577bc61b270d24d", size = 88168, upload-time = "2025-11-03T13:01:43.282Z" },
    { url = "https://files.pythonhosted.org/packages/18/47/715865a6c7071f417bef9b57c8644f29cb7a55b77742bd5d93a609274e7e/lz4-4.4.5-cp311-cp311-win_amd64.whl", hash = "sha256:8a842ead8ca7c0ee2f396ca5d878c4c40439a527ebad2b996b0444f0074ed004", size = 99491, upload-time = "2025-11-03T13:01:44.167Z" },
    { url = "https://files.pythonhosted.org/packages/14/e7/ac120c2ca8caec5c945e6356ada2aa5cfabd83a01e3170f264a5c42c8231/lz4-4.4.5-cp311-cp311-win_arm64.whl", hash = "sha256:83bc23ef65b6ae44f3287c38cbf82c269e2e96a26e560aa551735883388dcc4b", size = 91271, upload-time = "2025-11-03T13:01:45.016Z" },
]

[[package]]
name = "markdown-it-py"
version = "4.0.0"
source = { registry = "https://pypi.org/simple" }
dependencies = [
    { name = "mdurl" },
]
sdist = { url = "https://files.pythonhosted.org/packages/5b/f5/4ec618ed16cc4f8fb3b701563655a69816155e79e24a17b651541804721d/markdown_it_py-4.0.0.tar.gz", hash = "sha256:cb0a2b4aa34f932c007117b194e945bd74e0ec24133ceb5bac59009cda1cb9f3", size = 73070, upload-time = "2025-08-11T12:57:52.854Z" }
wheels = [
    { url = "https://files.pythonhosted.org/packages/94/54/e7d793b573f298e1c9013b8c4dade17d481164aa517d1d7148619c2cedbf/markdown_it_py-4.0.0-py3-none-any.whl", hash = "sha256:87327c59b172c5011896038353a81343b6754500a08cd7a4973bb48c6d578147", size = 87321, upload-time = "2025-08-11T12:57:51.923Z" },
]

[[package]]
name = "mdurl"
version = "0.1.2"
source = { registry = "https://pypi.org/simple" }
sdist = { url = "https://files.pythonhosted.org/packages/d6/54/cfe61301667036ec958cb99bd3efefba235e65cdeb9c84d24a8293ba1d90/mdurl-0.1.2.tar.gz", hash = "sha256:bb413d29f5eea38f31dd4754dd7377d4465116fb207585f97bf925588687c1ba", size = 8729, upload-time = "2022-08-14T12:40:10.846Z" }
wheels = [
    { url = "https://files.pythonhosted.org/packages/b3/38/89ba8ad64ae25be8de66a6d463314cf1eb366222074cfda9ee839c56a4b4/mdurl-0.1.2-py3-none-any.whl", hash = "sha256:84008a41e51615a49fc9966191ff91509e3c40b939176e643fd50a5c2196b8f8", size = 9979, upload-time = "2022-08-14T12:40:09.779Z" },
]

[[package]]
name = "pygments"
version = "2.20.0"
source = { registry = "https://pypi.org/simple" }
sdist = { url = "https://files.pythonhosted.org/packages/c3/b2/bc9c9196916376152d655522fdcebac55e66de6603a76a02bca1b6414f6c/pygments-2.20.0.tar.gz", hash = "sha256:6757cd03768053ff99f3039c1a36d6c0aa0b263438fcab17520b30a303a82b5f", size = 4955991, upload-time = "2026-03-29T13:29:33.898Z" }
wheels = [
    { url = "https://files.pythonhosted.org/packages/f4/7e/a72dd26f3b0f4f2bf1dd8923c85f7ceb43172af56d63c7383eb62b332364/pygments-2.20.0-py3-none-any.whl", hash = "sha256:81a9e26dd42fd28a23a2d169d86d7ac03b46e2f8b59ed4698fb4785f946d0176", size = 1231151, upload-time = "2026-03-29T13:29:30.038Z" },
]

[[package]]
name = "pytz"
version = "2025.2"
source = { registry = "https://pypi.org/simple" }
sdist = { url = "https://files.pythonhosted.org/packages/f8/bf/abbd3cdfb8fbc7fb3d4d38d320f2441b1e7cbe29be4f23797b4a2b5d8aac/pytz-2025.2.tar.gz", hash = "sha256:360b9e3dbb49a209c21ad61809c7fb453643e048b38924c765813546746e81c3", size = 320884, upload-time = "2025-03-25T02:25:00.538Z" }
wheels = [
    { url = "https://files.pythonhosted.org/packages/81/c4/34e93fe5f5429d7570ec1fa436f1986fb1f00c3e0f43a589fe2bbcd22c3f/pytz-2025.2-py2.py3-none-any.whl", hash = "sha256:5ddf76296dd8c44c26eb8f4b6f35488f3ccbf6fbbd7adee0b7262d43f0ec2f00", size = 509225, upload-time = "2025-03-25T02:24:58.468Z" },
]

[[package]]
name = "requests"
version = "2.33.1"
source = { registry = "https://pypi.org/simple" }
dependencies = [
    { name = "certifi" },
    { name = "charset-normalizer" },
    { name = "idna" },
    { name = "urllib3" },
]
sdist = { url = "https://files.pythonhosted.org/packages/5f/a4/98b9c7c6428a668bf7e42ebb7c79d576a1c3c1e3ae2d47e674b468388871/requests-2.33.1.tar.gz", hash = "sha256:18817f8c57c6263968bc123d237e3b8b08ac046f5456bd1e307ee8f4250d3517", size = 134120, upload-time = "2026-03-30T16:09:15.531Z" }
wheels = [
    { url = "https://files.pythonhosted.org/packages/d7/8e/7540e8a2036f79a125c1d2ebadf69ed7901608859186c856fa0388ef4197/requests-2.33.1-py3-none-any.whl", hash = "sha256:4e6d1ef462f3626a1f0a0a9c42dd93c63bad33f9f1c1937509b8c5c8718ab56a", size = 64947, upload-time = "2026-03-30T16:09:13.83Z" },
]

[[package]]
name = "rich"
version = "14.1.0"
source = { registry = "https://pypi.org/simple" }
dependencies = [
    { name = "markdown-it-py" },
    { name = "pygments" },
]
sdist = { url = "https://files.pythonhosted.org/packages/fe/75/af448d8e52bf1d8fa6a9d089ca6c07ff4453d86c65c145d0a300bb073b9b/rich-14.1.0.tar.gz", hash = "sha256:e497a48b844b0320d45007cdebfeaeed8db2a4f4bcf49f15e455cfc4af11eaa8", size = 224441, upload-time = "2025-07-25T07:32:58.125Z" }
wheels = [
    { url = "https://files.pythonhosted.org/packages/e3/30/3c4d035596d3cf444529e0b2953ad0466f6049528a879d27534700580395/rich-14.1.0-py3-none-any.whl", hash = "sha256:536f5f1785986d6dbdea3c75205c473f970777b4a0d6c6dd1b696aa05a3fa04f", size = 243368, upload-time = "2025-07-25T07:32:56.73Z" },
]

[[package]]
name = "shellingham"
version = "1.5.4"
source = { registry = "https://pypi.org/simple" }
sdist = { url = "https://files.pythonhosted.org/packages/58/15/8b3609fd3830ef7b27b655beb4b4e9c62313a4e8da8c676e142cc210d58e/shellingham-1.5.4.tar.gz", hash = "sha256:8dbca0739d487e5bd35ab3ca4b36e11c4078f3a234bfce294b0a0291363404de", size = 10310, upload-time = "2023-10-24T04:13:40.426Z" }
wheels = [
    { url = "https://files.pythonhosted.org/packages/e0/f9/0595336914c5619e5f28a1fb793285925a8cd4b432c9da0a987836c7f822/shellingham-1.5.4-py2.py3-none-any.whl", hash = "sha256:7ecfff8f2fd72616f7481040475a65b2bf8af90a56c89140852d1120324e8686", size = 9755, upload-time = "2023-10-24T04:13:38.866Z" },
]

[[package]]
name = "sqlalchemy"
version = "2.0.43"
source = { registry = "https://pypi.org/simple" }
dependencies = [
    { name = "greenlet", marker = "platform_machine == 'AMD64' or platform_machine == 'WIN32' or platform_machine == 'aarch64' or platform_machine == 'amd64' or platform_machine == 'ppc64le' or platform_machine == 'win32' or platform_machine == 'x86_64'" },
    { name = "typing-extensions" },
]
sdist = { url = "https://files.pythonhosted.org/packages/d7/bc/d59b5d97d27229b0e009bd9098cd81af71c2fa5549c580a0a67b9bed0496/sqlalchemy-2.0.43.tar.gz", hash = "sha256:788bfcef6787a7764169cfe9859fe425bf44559619e1d9f56f5bddf2ebf6f417", size = 9762949, upload-time = "2025-08-11T14:24:58.438Z" }
wheels = [
    { url = "https://files.pythonhosted.org/packages/9d/77/fa7189fe44114658002566c6fe443d3ed0ec1fa782feb72af6ef7fbe98e7/sqlalchemy-2.0.43-cp311-cp311-macosx_10_9_x86_64.whl", hash = "sha256:52d9b73b8fb3e9da34c2b31e6d99d60f5f99fd8c1225c9dad24aeb74a91e1d29", size = 2136472, upload-time = "2025-08-11T15:52:21.789Z" },
    { url = "https://files.pythonhosted.org/packages/99/ea/92ac27f2fbc2e6c1766bb807084ca455265707e041ba027c09c17d697867/sqlalchemy-2.0.43-cp311-cp311-macosx_11_0_arm64.whl", hash = "sha256:f42f23e152e4545157fa367b2435a1ace7571cab016ca26038867eb7df2c3631", size = 2126535, upload-time = "2025-08-11T15:52:23.109Z" },
    { url = "https://files.pythonhosted.org/packages/94/12/536ede80163e295dc57fff69724caf68f91bb40578b6ac6583a293534849/sqlalchemy-2.0.43-cp311-cp311-manylinux_2_17_aarch64.manylinux2014_aarch64.whl", hash = "sha256:4fb1a8c5438e0c5ea51afe9c6564f951525795cf432bed0c028c1cb081276685", size = 3297521, upload-time = "2025-08-11T15:50:33.536Z" },
    { url = "https://files.pythonhosted.org/packages/03/b5/cacf432e6f1fc9d156eca0560ac61d4355d2181e751ba8c0cd9cb232c8c1/sqlalchemy-2.0.43-cp311-cp311-manylinux_2_17_x86_64.manylinux2014_x86_64.whl", hash = "sha256:db691fa174e8f7036afefe3061bc40ac2b770718be2862bfb03aabae09051aca", size = 3297343, upload-time = "2025-08-11T15:57:51.186Z" },
    { url = "https://files.pythonhosted.org/packages/ca/ba/d4c9b526f18457667de4c024ffbc3a0920c34237b9e9dd298e44c7c00ee5/sqlalchemy-2.0.43-cp311-cp311-musllinux_1_2_aarch64.whl", hash = "sha256:fe2b3b4927d0bc03d02ad883f402d5de201dbc8894ac87d2e981e7d87430e60d", size = 3232113, upload-time = "2025-08-11T15:50:34.949Z" },
    { url = "https://files.pythonhosted.org/packages/aa/79/c0121b12b1b114e2c8a10ea297a8a6d5367bc59081b2be896815154b1163/sqlalchemy-2.0.43-cp311-cp311-musllinux_1_2_x86_64.whl", hash = "sha256:4d3d9b904ad4a6b175a2de0738248822f5ac410f52c2fd389ada0b5262d6a1e3", size = 3258240, upload-time = "2025-08-11T15:57:52.983Z" },
    { url = "https://files.pythonhosted.org/packages/79/99/a2f9be96fb382f3ba027ad42f00dbe30fdb6ba28cda5f11412eee346bec5/sqlalchemy-2.0.43-cp311-cp311-win32.whl", hash = "sha256:5cda6b51faff2639296e276591808c1726c4a77929cfaa0f514f30a5f6156921", size = 2101248, upload-time = "2025-08-11T15:55:01.855Z" },
    { url = "https://files.pythonhosted.org/packages/ee/13/744a32ebe3b4a7a9c7ea4e57babae7aa22070d47acf330d8e5a1359607f1/sqlalchemy-2.0.43-cp311-cp311-win_amd64.whl", hash = "sha256:c5d1730b25d9a07727d20ad74bc1039bbbb0a6ca24e6769861c1aa5bf2c4c4a8", size = 2126109, upload-time = "2025-08-11T15:55:04.092Z" },
    { url = "https://files.pythonhosted.org/packages/b8/d9/13bdde6521f322861fab67473cec4b1cc8999f3871953531cf61945fad92/sqlalchemy-2.0.43-py3-none-any.whl", hash = "sha256:1681c21dd2ccee222c2fe0bef671d1aef7c504087c9c4e800371cfcc8ac966fc", size = 1924759, upload-time = "2025-08-11T15:39:53.024Z" },
]

[[package]]
name = "stats-db"
version = "0.1.0"
source = { virtual = "." }
dependencies = [
    { name = "atlas-provider-sqlalchemy" },
]

[package.metadata]
requires-dist = [{ name = "atlas-provider-sqlalchemy", specifier = ">=0.5.0" }]

[[package]]
name = "typer"
version = "0.18.0"
source = { registry = "https://pypi.org/simple" }
dependencies = [
    { name = "click" },
    { name = "rich" },
    { name = "shellingham" },
    { name = "typing-extensions" },
]
sdist = { url = "https://files.pythonhosted.org/packages/73/f2/8214025e8fd1ada825d1b2183bd5895148b42b88ffe3ea3eed1224568ed0/typer-0.18.0.tar.gz", hash = "sha256:342049be1a608c972b0f77dd2b2573e74366b83465cfd5ebd3fede187e1f885e", size = 103878, upload-time = "2025-09-19T19:21:32.856Z" }
wheels = [
    { url = "https://files.pythonhosted.org/packages/55/cc/c476930fbb1649658cb2195144dac1a9899e474bb6433bf35bf37b6946cb/typer-0.18.0-py3-none-any.whl", hash = "sha256:e0f91cc4bc0761f739c74ffd92aab3c8df279c4cab271b0dba1f302afa0b5a84", size = 46753, upload-time = "2025-09-19T19:21:30.993Z" },
]

[[package]]
name = "typing-extensions"
version = "4.15.0"
source = { registry = "https://pypi.org/simple" }
sdist = { url = "https://files.pythonhosted.org/packages/72/94/1a15dd82efb362ac84269196e94cf00f187f7ed21c242792a923cdb1c61f/typing_extensions-4.15.0.tar.gz", hash = "sha256:0cea48d173cc12fa28ecabc3b837ea3cf6f38c6d1136f85cbaaf598984861466", size = 109391, upload-time = "2025-08-25T13:49:26.313Z" }
wheels = [
    { url = "https://files.pythonhosted.org/packages/18/67/36e9267722cc04a6b9f15c7f3441c2363321a3ea07da7ae0c0707beb2a9c/typing_extensions-4.15.0-py3-none-any.whl", hash = "sha256:f0fa19c6845758ab08074a0cfa8b7aecb71c999ca73d62883bc25cc018c4e548", size = 44614, upload-time = "2025-08-25T13:49:24.86Z" },
]

[[package]]
name = "tzdata"
version = "2026.1"
source = { registry = "https://pypi.org/simple" }
sdist = { url = "https://files.pythonhosted.org/packages/19/f5/cd531b2d15a671a40c0f66cf06bc3570a12cd56eef98960068ebbad1bf5a/tzdata-2026.1.tar.gz", hash = "sha256:67658a1903c75917309e753fdc349ac0efd8c27db7a0cb406a25be4840f87f98", size = 197639, upload-time = "2026-04-03T11:25:22.002Z" }
wheels = [
    { url = "https://files.pythonhosted.org/packages/b0/70/d460bd685a170790ec89317e9bd33047988e4bce507b831f5db771e142de/tzdata-2026.1-py2.py3-none-any.whl", hash = "sha256:4b1d2be7ac37ceafd7327b961aa3a54e467efbdb563a23655fbfe0d39cfc42a9", size = 348952, upload-time = "2026-04-03T11:25:20.313Z" },
]

[[package]]
name = "tzlocal"
version = "5.3.1"
source = { registry = "https://pypi.org/simple" }
dependencies = [
    { name = "tzdata", marker = "sys_platform == 'win32'" },
]
sdist = { url = "https://files.pythonhosted.org/packages/8b/2e/c14812d3d4d9cd1773c6be938f89e5735a1f11a9f184ac3639b93cef35d5/tzlocal-5.3.1.tar.gz", hash = "sha256:cceffc7edecefea1f595541dbd6e990cb1ea3d19bf01b2809f362a03dd7921fd", size = 30761, upload-time = "2025-03-05T21:17:41.549Z" }
wheels = [
    { url = "https://files.pythonhosted.org/packages/c2/14/e2a54fabd4f08cd7af1c07030603c3356b74da07f7cc056e600436edfa17/tzlocal-5.3.1-py3-none-any.whl", hash = "sha256:eb1a66c3ef5847adf7a834f1be0800581b683b5608e74f86ecbcef8ab91bb85d", size = 18026, upload-time = "2025-03-05T21:17:39.857Z" },
]

[[package]]
name = "urllib3"
version = "2.6.3"
source = { registry = "https://pypi.org/simple" }
sdist = { url = "https://files.pythonhosted.org/packages/c7/24/5f1b3bdffd70275f6661c76461e25f024d5a38a46f04aaca912426a2b1d3/urllib3-2.6.3.tar.gz", hash = "sha256:1b62b6884944a57dbe321509ab94fd4d3b307075e0c2eae991ac71ee15ad38ed", size = 435556, upload-time = "2026-01-07T16:24:43.925Z" }
wheels = [
    { url = "https://files.pythonhosted.org/packages/39/08/aaaad47bc4e9dc8c725e68f9d04865dbcb2052843ff09c97b08904852d84/urllib3-2.6.3-py3-none-any.whl", hash = "sha256:bf272323e553dfb2e87d9bfd225ca7b0f467b919d7bbd355436d3fd37cb0acd4", size = 131584, upload-time = "2026-01-07T16:24:42.685Z" },
]

[[package]]
name = "zstd"
version = "1.5.7.3"
source = { registry = "https://pypi.org/simple" }
sdist = { url = "https://files.pythonhosted.org/packages/49/62/b9c075ad664e7c4cbb3d8d2be7c246506abe1bc7f778eb58d260ef9538c8/zstd-1.5.7.3.tar.gz", hash = "sha256:403e5205f4ac04b92e6b0cda654be2f51de268228a0db0067bc087faacf2f495", size = 672559, upload-time = "2026-01-08T16:24:43.361Z" }
wheels = [
    { url = "https://files.pythonhosted.org/packages/75/0d/8c89c0d010b58c21a7865a239790bb1c6822029c053b1ded858d6b573e3a/zstd-1.5.7.3-cp311-cp311-macosx_10_9_x86_64.whl", hash = "sha256:1a3c1781a24e2ced2c0ddee11d45b1f04018b03615eeb622a62eca4d56d3358a", size = 267641, upload-time = "2026-01-08T16:30:50.812Z" },
    { url = "https://files.pythonhosted.org/packages/a3/6d/155d8c344d96eca2a5a003a5ddd63373a5f13591fd5cf2b9490250d6805a/zstd-1.5.7.3-cp311-cp311-macosx_11_0_arm64.whl", hash = "sha256:a6c7c81056362b60a04baa34632e713d596662a860ec34efd8e9b109c10e6ec7", size = 230962, upload-time = "2026-01-08T16:30:49.155Z" },
    { url = "https://files.pythonhosted.org/packages/c8/c7/ab93916a26eb58cd501ad701974c31b4bc67a7f6abd6c24bef8fe4d7649b/zstd-1.5.7.3-cp311-cp311-manylinux_2_14_x86_64.whl", hash = "sha256:e564f34a55effc7d654eb293468edc80b64d476b0f899f82760ecd8323223ff5", size = 304166, upload-time = "2026-01-10T11:17:45.697Z" },
    { url = "https://files.pythonhosted.org/packages/c2/54/27a7040a360019a4602343e3c98c0c0a140f382186002c01e1992fd21837/zstd-1.5.7.3-cp311-cp311-manylinux_2_17_aarch64.manylinux2014_aarch64.manylinux_2_24_aarch64.whl", hash = "sha256:fbc49a57188184931d5e3c9f1133cad7eea5a370a9e9418fb8122d58c14340a5", size = 1540288, upload-time = "2026-01-08T17:50:26.913Z" },
    { url = "https://files.pythonhosted.org/packages/96/93/4a4d4edd1b2e809e0ebbb16000404bdcc9a09743c04ee1661442c9581b75/zstd-1.5.7.3-cp311-cp311-manylinux_2_17_x86_64.manylinux2014_x86_64.manylinux_2_24_x86_64.whl", hash = "sha256:d121d3e63722819e1fe5effbcd9628d8a7cfea0cddabcc5bb37ea861a6a83424", size = 1619134, upload-time = "2026-01-08T17:50:32.324Z" },
    { url = "https://files.pythonhosted.org/packages/31/6b/cd6f0a7f4f0d98e4110aa77763cf3e85f594d983ea9ca3d64cc0cee10684/zstd-1.5.7.3-cp311-cp311-manylinux_2_4_i686.whl", hash = "sha256:621f2e7ca8e9eb52a83eb9c91ec3cd283d87591bf75cc658de486b65f44742c7", size = 300166, upload-time = "2026-01-10T11:12:27.938Z" },
    { url = "https://files.pythonhosted.org/packages/05/3f/c717e0d15127d04b7fa58ba9b4c56e8b88b803048b9766cd9d158dbb22ea/zstd-1.5.7.3-cp311-cp311-manylinux_2_5_i686.manylinux1_i686.manylinux_2_24_i686.whl", hash = "sha256:c1950fcae690ba32d0f31702b335c548fb42547821565925e48576afdad774a5", size = 1525776, upload-time = "2026-01-08T17:50:35.518Z" },
    { url = "https://files.pythonhosted.org/packages/3e/a2/1813cd787d1a2f9ab8e8a90d28dcbc8e8098997dd04de38897ea8e75dd08/zstd-1.5.7.3-cp311-cp311-musllinux_1_2_aarch64.whl", hash = "sha256:bac4f0d03da69115878bedbfa03c4a3f64364e8396b432028c4ce0f05141a0fb", size = 2096057, upload-time = "2026-01-08T17:50:33.984Z" },
    { url = "https://files.pythonhosted.org/packages/36/ce/f5a3c7c12de458dd9ce15c484d627fe5412b60c155da23dacb5fcf08d9d5/zstd-1.5.7.3-cp311-cp311-musllinux_1_2_i686.whl", hash = "sha256:da0ab134b7fd28023dedf013751ca850de300a090eb11f689d2a1c178c87d9dc", size = 2132659, upload-time = "2026-01-08T17:50:29.534Z" },
    { url = "https://files.pythonhosted.org/packages/f1/66/151f9546498bfd8971a0b6ad67d87c26d7a0df17d57f724da674f3778666/zstd-1.5.7.3-cp311-cp311-musllinux_1_2_x86_64.whl", hash = "sha256:b9923175842ee8f7602ec9cc578f5fc396896f0e8460d3ac9a5adc3cea77244e", size = 2124811, upload-time = "2026-01-08T17:50:37.612Z" },
    { url = "https://files.pythonhosted.org/packages/6a/34/4d2dbb36cb2373d3f115c047cb901b64f89de0703d10779da39de9453812/zstd-1.5.7.3-cp311-cp311-win32.whl", hash = "sha256:0612b604948d7b58aecc6788c7ceb53c5f21d94a155bb6ea9bd0f54ffa43725d", size = 150363, upload-time = "2026-01-08T17:11:02.392Z" },
    { url = "https://files.pythonhosted.org/packages/d9/de/f53687e0dd8c0d0ebfaed9ae88f6a96a1a0388ae7424b469e74bb17ac57d/zstd-1.5.7.3-cp311-cp311-win_amd64.whl", hash = "sha256:5b7f8c81b2bd3b62c0345242247d484cafa4b518d59d18619813d9225af5c5c3", size = 167577, upload-time = "2026-01-08T17:11:03.356Z" },
    { url = "https://files.pythonhosted.org/packages/f2/58/d4a6a902e229e953ed273fe9b78587ed31f57567aa68d3e34af6056e42af/zstd-1.5.7.3-cp311-cp311-win_arm64.whl", hash = "sha256:ea112e3acd9e1765adca35df7b54ac75b36194290f64ea03a3a59664209c8527", size = 157238, upload-time = "2026-01-08T16:36:06.25Z" },
    { url = "https://files.pythonhosted.org/packages/04/b8/d13d584867d5eb1bc607877a870858e02a256d4706a4274e475413a000aa/zstd-1.5.7.3-pp311-pypy311_pp73-macosx_10_15_x86_64.whl", hash = "sha256:76c49ea969bc08389ea59155cea7c5dea224522ffc62f443f3c0a915f5fd184d", size = 260025, upload-time = "2026-01-08T16:57:45.739Z" },
    { url = "https://files.pythonhosted.org/packages/16/a1/1e5faf75bedfd2bfccfb83e18736b115bed6e348504bd21800cd8f30dcea/zstd-1.5.7.3-pp311-pypy311_pp73-macosx_11_0_arm64.whl", hash = "sha256:6b1a638ff3dfce8f4cb1203c662fb5606dd99b4a62c5ddc4c406d2d1326bcfdd", size = 221038, upload-time = "2026-01-08T17:16:32.005Z" },
    { url = "https://files.pythonhosted.org/packages/b7/2c/0fe74d8b2029eef8000bc71aac5b3e5b55d00581238711cf627814183ea3/zstd-1.5.7.3-pp311-pypy311_pp73-manylinux1_i686.manylinux_2_28_i686.manylinux_2_5_i686.whl", hash = "sha256:5e96a5cb100a0edc162935227f2d9784b1031ce4a8a83e96e66eae2673c10143", size = 326792, upload-time = "2026-01-08T16:57:35.631Z" },
    { url = "https://files.pythonhosted.org/packages/96/e0/2c7f081f3524f872128ff31bea2acb6b21cb1dacccef920eb6a1a77a87c6/zstd-1.5.7.3-pp311-pypy311_pp73-manylinux2014_aarch64.manylinux_2_17_aarch64.manylinux_2_28_aarch64.whl", hash = "sha256:1bda0bbf3a9553720cd33f1f85940a259656c7ffba4be717ff82b7f062052188", size = 322283, upload-time = "2026-01-08T16:57:36.759Z" },
    { url = "https://files.pythonhosted.org/packages/c9/a7/3bebfcc18d66b90bc7b506a61b2ff4af5ee1b0b16e784ea644afa06241c5/zstd-1.5.7.3-pp311-pypy311_pp73-manylinux2014_x86_64.manylinux_2_17_x86_64.manylinux_2_28_x86_64.whl", hash = "sha256:ac36e4022422f6e49b3f07bdbb8a964fd348223d3dc9c82ad5398a4f0432a719", size = 311553, upload-time = "2026-01-08T16:57:38.465Z" },
    { url = "https://files.pythonhosted.org/packages/41/75/8a791cae2c98e5e44a158e15db50d21b7ec0b37aeaffa68d151bc8ffb6d6/zstd-1.5.7.3-pp311-pypy311_pp73-manylinux_2_14_x86_64.whl", hash = "sha256:fa4d760a220541b18ce732a3a2cf7547ea05afc76d05b3b39edebfeb721f6079", size = 317071, upload-time = "2026-01-08T16:36:07.47Z" },
    { url = "https://files.pythonhosted.org/packages/2f/25/b6624e6b08d515242154436c9d06fb20b790d300ac82e84f3c4c133e25e1/zstd-1.5.7.3-pp311-pypy311_pp73-win_amd64.whl", hash = "sha256:a69e60146bf8aaa6a0e6c9a94a7c5f3133d68091e2e5c5a3c5ababf71fd5ec7a", size = 167654, upload-time = "2026-01-08T17:00:56.667Z" },
]
